
Microsoft Visual Studio Solution File, Format Version 12.00
# Visual Studio Version 17
VisualStudioVersion = 17.14.36518.9
MinimumVisualStudioVersion = 10.0.40219.1
Project("{FAE04EC0-301F-11D3-BF4B-00C04F79EFBC}") = "LogFlow.Core", "LogFlow.Core\LogFlow.Core.csproj", "{6804563D-D01D-4D04-AFD2-7BF2BEBB6B4B}"
EndProject
Project("{FAE04EC0-301F-11D3-BF4B-00C04F79EFBC}") = "LogFlow.Tests", "LogFlow.Tests\LogFlow.Tests.csproj", "{956BCA88-4526-4954-AFB2-374DADEB3912}"
EndProject
Project("{FAE04EC0-301F-11D3-BF4B-00C04F79EFBC}") = "LogFlow.BenchMark", "LogFlow.BenchMark\LogFlow.BenchMark.csproj", "{61D1E5CE-B926-4F89-B30F-D57C210DE955}"
EndProject
Global
	GlobalSection(SolutionConfigurationPlatforms) = preSolution
		Debug|Any CPU = Debug|Any CPU
		Release|Any CPU = Release|Any CPU
	EndGlobalSection
	GlobalSection(ProjectConfigurationPlatforms) = postSolution
		{6804563D-D01D-4D04-AFD2-7BF2BEBB6B4B}.Debug|Any CPU.ActiveCfg = Debug|Any CPU
		{6804563D-D01D-4D04-AFD2-7BF2BEBB6B4B}.Debug|Any CPU.Build.0 = Debug|Any CPU
		{6804563D-D01D-4D04-AFD2-7BF2BEBB6B4B}.Release|Any CPU.ActiveCfg = Release|Any CPU
		{6804563D-D01D-4D04-AFD2-7BF2BEBB6B4B}.Release|Any CPU.Build.0 = Release|Any CPU
		{956BCA88-4526-4954-AFB2-374DADEB3912}.Debug|Any CPU.ActiveCfg = Debug|Any CPU
		{956BCA88-4526-4954-AFB2-374DADEB3912}.Debug|Any CPU.Build.0 = Debug|Any CPU
		{956BCA88-4526-4954-AFB2-374DADEB3912}.Release|Any CPU.ActiveCfg = Release|Any CPU
		{956BCA88-4526-4954-AFB2-374DADEB3912}.Release|Any CPU.Build.0 = Release|Any CPU
		{61D1E5CE-B926-4F89-B30F-D57C210DE955}.Debug|Any CPU.ActiveCfg = Debug|Any CPU
		{61D1E5CE-B926-4F89-B30F-D57C210DE955}.Debug|Any CPU.Build.0 = Debug|Any CPU
		{61D1E5CE-B926-4F89-B30F-D57C210DE955}.Release|Any CPU.ActiveCfg = Release|Any CPU
		{61D1E5CE-B926-4F89-B30F-D57C210DE955}.Release|Any CPU.Build.0 = Release|Any CPU
	EndGlobalSection
	GlobalSection(SolutionProperties) = preSolution
		HideSolutionNode = FALSE
	EndGlobalSection
	GlobalSection(ExtensibilityGlobals) = postSolution
		SolutionGuid = {B8CCFD27-7206-4CA3-B83A-01E2085D0457}
	EndGlobalSection
EndGlobal
